// !$*UTF8*$!
{
	archiveVersion = 1;
	classes = {
	};
	objectVersion = 46;
	objects = {

/* Begin PBXBuildFile section */
		ECF3F10419A5050F00D05D8B /* Foundation.framework in Frameworks */ = {isa = PBXBuildFile; fileRef = ECF3F10319A5050F00D05D8B /* Foundation.framework */; };
		ECF3F10919A5050F00D05D8B /* JsonParser.h in CopyFiles */ = {isa = PBXBuildFile; fileRef = ECF3F10819A5050F00D05D8B /* JsonParser.h */; };
		ECF3F10B19A5050F00D05D8B /* JsonParser.m in Sources */ = {isa = PBXBuildFile; fileRef = ECF3F10A19A5050F00D05D8B /* JsonParser.m */; };
		ECF3F11219A5050F00D05D8B /* XCTest.framework in Frameworks */ = {isa = PBXBuildFile; fileRef = ECF3F11119A5050F00D05D8B /* XCTest.framework */; };
		ECF3F11319A5050F00D05D8B /* Foundation.framework in Frameworks */ = {isa = PBXBuildFile; fileRef = ECF3F10319A5050F00D05D8B /* Foundation.framework */; };
		ECF3F11519A5050F00D05D8B /* UIKit.framework in Frameworks */ = {isa = PBXBuildFile; fileRef = ECF3F11419A5050F00D05D8B /* UIKit.framework */; };
		ECF3F11819A5050F00D05D8B /* libJsonParser.a in Frameworks */ = {isa = PBXBuildFile; fileRef = ECF3F10019A5050F00D05D8B /* libJsonParser.a */; };
		ECF3F11E19A5050F00D05D8B /* InfoPlist.strings in Resources */ = {isa = PBXBuildFile; fileRef = ECF3F11C19A5050F00D05D8B /* InfoPlist.strings */; };
		ECF3F12019A5050F00D05D8B /* JsonParserTests.m in Sources */ = {isa = PBXBuildFile; fileRef = ECF3F11F19A5050F00D05D8B /* JsonParserTests.m */; };
		ECF3F12B19A5057800D05D8B /* Property.m in Sources */ = {isa = PBXBuildFile; fileRef = ECF3F12A19A5057800D05D8B /* Property.m */; };
		ECF3F12E19A5127000D05D8B /* Entity.m in Sources */ = {isa = PBXBuildFile; fileRef = ECF3F12D19A5127000D05D8B /* Entity.m */; };
		ECF3F13819A52BA000D05D8B /* Property.m in Sources */ = {isa = PBXBuildFile; fileRef = ECF3F12A19A5057800D05D8B /* Property.m */; };
		ECF3F13919A52BAC00D05D8B /* Property.h in Sources */ = {isa = PBXBuildFile; fileRef = ECF3F12919A5057800D05D8B /* Property.h */; };
		ECF3F17219A5371C00D05D8B /* EntityWithComplexType.m in Sources */ = {isa = PBXBuildFile; fileRef = ECF3F17119A5371C00D05D8B /* EntityWithComplexType.m */; };
/* End PBXBuildFile section */

/* Begin PBXContainerItemProxy section */
		ECF3F11619A5050F00D05D8B /* PBXContainerItemProxy */ = {
			isa = PBXContainerItemProxy;
			containerPortal = ECF3F0F819A5050F00D05D8B /* Project object */;
			proxyType = 1;
			remoteGlobalIDString = ECF3F0FF19A5050F00D05D8B;
			remoteInfo = JsonParser;
		};
/* End PBXContainerItemProxy section */

/* Begin PBXCopyFilesBuildPhase section */
		ECF3F0FE19A5050F00D05D8B /* CopyFiles */ = {
			isa = PBXCopyFilesBuildPhase;
			buildActionMask = 2147483647;
			dstPath = "include/$(PRODUCT_NAME)";
			dstSubfolderSpec = 16;
			files = (
				ECF3F10919A5050F00D05D8B /* JsonParser.h in CopyFiles */,
			);
			runOnlyForDeploymentPostprocessing = 0;
		};
/* End PBXCopyFilesBuildPhase section */

/* Begin PBXFileReference section */
		ECD2484C19A6426900464FA0 /* NSObject_Protocols.h */ = {isa = PBXFileReference; fileEncoding = 4; lastKnownFileType = sourcecode.c.h; path = NSObject_Protocols.h; sourceTree = "<group>"; };
		ECF3F10019A5050F00D05D8B /* libJsonParser.a */ = {isa = PBXFileReference; explicitFileType = archive.ar; includeInIndex = 0; path = libJsonParser.a; sourceTree = BUILT_PRODUCTS_DIR; };
		ECF3F10319A5050F00D05D8B /* Foundation.framework */ = {isa = PBXFileReference; lastKnownFileType = wrapper.framework; name = Foundation.framework; path = System/Library/Frameworks/Foundation.framework; sourceTree = SDKROOT; };
		ECF3F10719A5050F00D05D8B /* JsonParser-Prefix.pch */ = {isa = PBXFileReference; lastKnownFileType = sourcecode.c.h; path = "JsonParser-Prefix.pch"; sourceTree = "<group>"; };
		ECF3F10819A5050F00D05D8B /* JsonParser.h */ = {isa = PBXFileReference; lastKnownFileType = sourcecode.c.h; path = JsonParser.h; sourceTree = "<group>"; };
		ECF3F10A19A5050F00D05D8B /* JsonParser.m */ = {isa = PBXFileReference; lastKnownFileType = sourcecode.c.objc; path = JsonParser.m; sourceTree = "<group>"; };
		ECF3F11019A5050F00D05D8B /* JsonParserTests.xctest */ = {isa = PBXFileReference; explicitFileType = wrapper.cfbundle; includeInIndex = 0; path = JsonParserTests.xctest; sourceTree = BUILT_PRODUCTS_DIR; };
		ECF3F11119A5050F00D05D8B /* XCTest.framework */ = {isa = PBXFileReference; lastKnownFileType = wrapper.framework; name = XCTest.framework; path = Library/Frameworks/XCTest.framework; sourceTree = DEVELOPER_DIR; };
		ECF3F11419A5050F00D05D8B /* UIKit.framework */ = {isa = PBXFileReference; lastKnownFileType = wrapper.framework; name = UIKit.framework; path = Library/Frameworks/UIKit.framework; sourceTree = DEVELOPER_DIR; };
		ECF3F11B19A5050F00D05D8B /* JsonParserTests-Info.plist */ = {isa = PBXFileReference; lastKnownFileType = text.plist.xml; path = "JsonParserTests-Info.plist"; sourceTree = "<group>"; };
		ECF3F11D19A5050F00D05D8B /* en */ = {isa = PBXFileReference; lastKnownFileType = text.plist.strings; name = en; path = en.lproj/InfoPlist.strings; sourceTree = "<group>"; };
		ECF3F11F19A5050F00D05D8B /* JsonParserTests.m */ = {isa = PBXFileReference; lastKnownFileType = sourcecode.c.objc; path = JsonParserTests.m; sourceTree = "<group>"; };
		ECF3F12919A5057800D05D8B /* Property.h */ = {isa = PBXFileReference; fileEncoding = 4; lastKnownFileType = sourcecode.c.h; path = Property.h; sourceTree = "<group>"; };
		ECF3F12A19A5057800D05D8B /* Property.m */ = {isa = PBXFileReference; fileEncoding = 4; lastKnownFileType = sourcecode.c.objc; path = Property.m; sourceTree = "<group>"; };
		ECF3F12C19A5127000D05D8B /* Entity.h */ = {isa = PBXFileReference; fileEncoding = 4; lastKnownFileType = sourcecode.c.h; path = Entity.h; sourceTree = "<group>"; };
		ECF3F12D19A5127000D05D8B /* Entity.m */ = {isa = PBXFileReference; fileEncoding = 4; lastKnownFileType = sourcecode.c.objc; path = Entity.m; sourceTree = "<group>"; };
		ECF3F17019A5371C00D05D8B /* EntityWithComplexType.h */ = {isa = PBXFileReference; fileEncoding = 4; lastKnownFileType = sourcecode.c.h; path = EntityWithComplexType.h; sourceTree = "<group>"; };
		ECF3F17119A5371C00D05D8B /* EntityWithComplexType.m */ = {isa = PBXFileReference; fileEncoding = 4; lastKnownFileType = sourcecode.c.objc; path = EntityWithComplexType.m; sourceTree = "<group>"; };
/* End PBXFileReference section */

/* Begin PBXFrameworksBuildPhase section */
		ECF3F0FD19A5050F00D05D8B /* Frameworks */ = {
			isa = PBXFrameworksBuildPhase;
			buildActionMask = 2147483647;
			files = (
				ECF3F10419A5050F00D05D8B /* Foundation.framework in Frameworks */,
			);
			runOnlyForDeploymentPostprocessing = 0;
		};
		ECF3F10D19A5050F00D05D8B /* Frameworks */ = {
			isa = PBXFrameworksBuildPhase;
			buildActionMask = 2147483647;
			files = (
				ECF3F11819A5050F00D05D8B /* libJsonParser.a in Frameworks */,
				ECF3F11219A5050F00D05D8B /* XCTest.framework in Frameworks */,
				ECF3F11519A5050F00D05D8B /* UIKit.framework in Frameworks */,
				ECF3F11319A5050F00D05D8B /* Foundation.framework in Frameworks */,
			);
			runOnlyForDeploymentPostprocessing = 0;
		};
/* End PBXFrameworksBuildPhase section */

/* Begin PBXGroup section */
		ECF3F0F719A5050F00D05D8B = {
			isa = PBXGroup;
			children = (
				ECF3F10519A5050F00D05D8B /* JsonParser */,
				ECF3F11919A5050F00D05D8B /* JsonParserTests */,
				ECF3F10219A5050F00D05D8B /* Frameworks */,
				ECF3F10119A5050F00D05D8B /* Products */,
			);
			sourceTree = "<group>";
		};
		ECF3F10119A5050F00D05D8B /* Products */ = {
			isa = PBXGroup;
			children = (
				ECF3F10019A5050F00D05D8B /* libJsonParser.a */,
				ECF3F11019A5050F00D05D8B /* JsonParserTests.xctest */,
			);
			name = Products;
			sourceTree = "<group>";
		};
		ECF3F10219A5050F00D05D8B /* Frameworks */ = {
			isa = PBXGroup;
			children = (
				ECF3F10319A5050F00D05D8B /* Foundation.framework */,
				ECF3F11119A5050F00D05D8B /* XCTest.framework */,
				ECF3F11419A5050F00D05D8B /* UIKit.framework */,
			);
			name = Frameworks;
			sourceTree = "<group>";
		};
		ECF3F10519A5050F00D05D8B /* JsonParser */ = {
			isa = PBXGroup;
			children = (
				ECF3F10819A5050F00D05D8B /* JsonParser.h */,
				ECF3F10A19A5050F00D05D8B /* JsonParser.m */,
				ECF3F10619A5050F00D05D8B /* Supporting Files */,
				ECF3F12919A5057800D05D8B /* Property.h */,
				ECF3F12A19A5057800D05D8B /* Property.m */,
			);
			path = JsonParser;
			sourceTree = "<group>";
		};
		ECF3F10619A5050F00D05D8B /* Supporting Files */ = {
			isa = PBXGroup;
			children = (
				ECF3F10719A5050F00D05D8B /* JsonParser-Prefix.pch */,
			);
			name = "Supporting Files";
			sourceTree = "<group>";
		};
		ECF3F11919A5050F00D05D8B /* JsonParserTests */ = {
			isa = PBXGroup;
			children = (
				ECF3F11F19A5050F00D05D8B /* JsonParserTests.m */,
				ECF3F11A19A5050F00D05D8B /* Supporting Files */,
				ECF3F12C19A5127000D05D8B /* Entity.h */,
				ECF3F12D19A5127000D05D8B /* Entity.m */,
				ECF3F17019A5371C00D05D8B /* EntityWithComplexType.h */,
				ECF3F17119A5371C00D05D8B /* EntityWithComplexType.m */,
				ECD2484C19A6426900464FA0 /* NSObject_Protocols.h */,
			);
			path = JsonParserTests;
			sourceTree = "<group>";
		};
		ECF3F11A19A5050F00D05D8B /* Supporting Files */ = {
			isa = PBXGroup;
			children = (
				ECF3F11B19A5050F00D05D8B /* JsonParserTests-Info.plist */,
				ECF3F11C19A5050F00D05D8B /* InfoPlist.strings */,
			);
			name = "Supporting Files";
			sourceTree = "<group>";
		};
/* End PBXGroup section */

/* Begin PBXNativeTarget section */
		ECF3F0FF19A5050F00D05D8B /* JsonParser */ = {
			isa = PBXNativeTarget;
			buildConfigurationList = ECF3F12319A5050F00D05D8B /* Build configuration list for PBXNativeTarget "JsonParser" */;
			buildPhases = (
				ECF3F0FC19A5050F00D05D8B /* Sources */,
				ECF3F0FD19A5050F00D05D8B /* Frameworks */,
				ECF3F0FE19A5050F00D05D8B /* CopyFiles */,
			);
			buildRules = (
			);
			dependencies = (
			);
			name = JsonParser;
			productName = JsonParser;
			productReference = ECF3F10019A5050F00D05D8B /* libJsonParser.a */;
			productType = "com.apple.product-type.library.static";
		};
		ECF3F10F19A5050F00D05D8B /* JsonParserTests */ = {
			isa = PBXNativeTarget;
			buildConfigurationList = ECF3F12619A5050F00D05D8B /* Build configuration list for PBXNativeTarget "JsonParserTests" */;
			buildPhases = (
				ECF3F10C19A5050F00D05D8B /* Sources */,
				ECF3F10D19A5050F00D05D8B /* Frameworks */,
				ECF3F10E19A5050F00D05D8B /* Resources */,
			);
			buildRules = (
			);
			dependencies = (
				ECF3F11719A5050F00D05D8B /* PBXTargetDependency */,
			);
			name = JsonParserTests;
			productName = JsonParserTests;
			productReference = ECF3F11019A5050F00D05D8B /* JsonParserTests.xctest */;
			productType = "com.apple.product-type.bundle.unit-test";
		};
/* End PBXNativeTarget section */

/* Begin PBXProject section */
		ECF3F0F819A5050F00D05D8B /* Project object */ = {
			isa = PBXProject;
			attributes = {
				LastUpgradeCheck = 0510;
				TargetAttributes = {
					ECF3F10F19A5050F00D05D8B = {
						TestTargetID = ECF3F0FF19A5050F00D05D8B;
					};
				};
			};
			buildConfigurationList = ECF3F0FB19A5050F00D05D8B /* Build configuration list for PBXProject "JsonParser" */;
			compatibilityVersion = "Xcode 3.2";
			developmentRegion = English;
			hasScannedForEncodings = 0;
			knownRegions = (
				en,
			);
			mainGroup = ECF3F0F719A5050F00D05D8B;
			productRefGroup = ECF3F10119A5050F00D05D8B /* Products */;
			projectDirPath = "";
			projectRoot = "";
			targets = (
				ECF3F0FF19A5050F00D05D8B /* JsonParser */,
				ECF3F10F19A5050F00D05D8B /* JsonParserTests */,
			);
		};
/* End PBXProject section */

/* Begin PBXResourcesBuildPhase section */
		ECF3F10E19A5050F00D05D8B /* Resources */ = {
			isa = PBXResourcesBuildPhase;
			buildActionMask = 2147483647;
			files = (
				ECF3F11E19A5050F00D05D8B /* InfoPlist.strings in Resources */,
			);
			runOnlyForDeploymentPostprocessing = 0;
		};
/* End PBXResourcesBuildPhase section */

/* Begin PBXSourcesBuildPhase section */
		ECF3F0FC19A5050F00D05D8B /* Sources */ = {
			isa = PBXSourcesBuildPhase;
			buildActionMask = 2147483647;
			files = (
				ECF3F12B19A5057800D05D8B /* Property.m in Sources */,
				ECF3F10B19A5050F00D05D8B /* JsonParser.m in Sources */,
			);
			runOnlyForDeploymentPostprocessing = 0;
		};
		ECF3F10C19A5050F00D05D8B /* Sources */ = {
			isa = PBXSourcesBuildPhase;
			buildActionMask = 2147483647;
			files = (
				ECF3F13919A52BAC00D05D8B /* Property.h in Sources */,
				ECF3F17219A5371C00D05D8B /* EntityWithComplexType.m in Sources */,
				ECF3F13819A52BA000D05D8B /* Property.m in Sources */,
				ECF3F12E19A5127000D05D8B /* Entity.m in Sources */,
				ECF3F12019A5050F00D05D8B /* JsonParserTests.m in Sources */,
			);
			runOnlyForDeploymentPostprocessing = 0;
		};
/* End PBXSourcesBuildPhase section */

/* Begin PBXTargetDependency section */
		ECF3F11719A5050F00D05D8B /* PBXTargetDependency */ = {
			isa = PBXTargetDependency;
			target = ECF3F0FF19A5050F00D05D8B /* JsonParser */;
			targetProxy = ECF3F11619A5050F00D05D8B /* PBXContainerItemProxy */;
		};
/* End PBXTargetDependency section */

/* Begin PBXVariantGroup section */
		ECF3F11C19A5050F00D05D8B /* InfoPlist.strings */ = {
			isa = PBXVariantGroup;
			children = (
				ECF3F11D19A5050F00D05D8B /* en */,
			);
			name = InfoPlist.strings;
			sourceTree = "<group>";
		};
/* End PBXVariantGroup section */

/* Begin XCBuildConfiguration section */
		ECF3F12119A5050F00D05D8B /* Debug */ = {
			isa = XCBuildConfiguration;
			buildSettings = {
				ALWAYS_SEARCH_USER_PATHS = NO;
				CLANG_CXX_LANGUAGE_STANDARD = "gnu++0x";
				CLANG_CXX_LIBRARY = "libc++";
				CLANG_ENABLE_MODULES = YES;
				CLANG_ENABLE_OBJC_ARC = YES;
				CLANG_WARN_BOOL_CONVERSION = YES;
				CLANG_WARN_CONSTANT_CONVERSION = YES;
				CLANG_WARN_DIRECT_OBJC_ISA_USAGE = YES_ERROR;
				CLANG_WARN_EMPTY_BODY = YES;
				CLANG_WARN_ENUM_CONVERSION = YES;
				CLANG_WARN_INT_CONVERSION = YES;
				CLANG_WARN_OBJC_ROOT_CLASS = YES_ERROR;
				CLANG_WARN__DUPLICATE_METHOD_MATCH = YES;
				COPY_PHASE_STRIP = NO;
				GCC_C_LANGUAGE_STANDARD = gnu99;
				GCC_DYNAMIC_NO_PIC = NO;
				GCC_OPTIMIZATION_LEVEL = 0;
				GCC_PREPROCESSOR_DEFINITIONS = (
					"DEBUG=1",
					"$(inherited)",
				);
				GCC_SYMBOLS_PRIVATE_EXTERN = NO;
				GCC_WARN_64_TO_32_BIT_CONVERSION = YES;
				GCC_WARN_ABOUT_RETURN_TYPE = YES_ERROR;
				GCC_WARN_UNDECLARED_SELECTOR = YES;
				GCC_WARN_UNINITIALIZED_AUTOS = YES_AGGRESSIVE;
				GCC_WARN_UNUSED_FUNCTION = YES;
				GCC_WARN_UNUSED_VARIABLE = YES;
				IPHONEOS_DEPLOYMENT_TARGET = 7.1;
				ONLY_ACTIVE_ARCH = YES;
				SDKROOT = iphoneos;
			};
			name = Debug;
		};
		ECF3F12219A5050F00D05D8B /* Release */ = {
			isa = XCBuildConfiguration;
			buildSettings = {
				ALWAYS_SEARCH_USER_PATHS = NO;
				CLANG_CXX_LANGUAGE_STANDARD = "gnu++0x";
				CLANG_CXX_LIBRARY = "libc++";
				CLANG_ENABLE_MODULES = YES;
				CLANG_ENABLE_OBJC_ARC = YES;
				CLANG_WARN_BOOL_CONVERSION = YES;
				CLANG_WARN_CONSTANT_CONVERSION = YES;
				CLANG_WARN_DIRECT_OBJC_ISA_USAGE = YES_ERROR;
				CLANG_WARN_EMPTY_BODY = YES;
				CLANG_WARN_ENUM_CONVERSION = YES;
				CLANG_WARN_INT_CONVERSION = YES;
				CLANG_WARN_OBJC_ROOT_CLASS = YES_ERROR;
				CLANG_WARN__DUPLICATE_METHOD_MATCH = YES;
				COPY_PHASE_STRIP = YES;
				ENABLE_NS_ASSERTIONS = NO;
				GCC_C_LANGUAGE_STANDARD = gnu99;
				GCC_WARN_64_TO_32_BIT_CONVERSION = YES;
				GCC_WARN_ABOUT_RETURN_TYPE = YES_ERROR;
				GCC_WARN_UNDECLARED_SELECTOR = YES;
				GCC_WARN_UNINITIALIZED_AUTOS = YES_AGGRESSIVE;
				GCC_WARN_UNUSED_FUNCTION = YES;
				GCC_WARN_UNUSED_VARIABLE = YES;
				IPHONEOS_DEPLOYMENT_TARGET = 7.1;
				SDKROOT = iphoneos;
				VALIDATE_PRODUCT = YES;
			};
			name = Release;
		};
		ECF3F12419A5050F00D05D8B /* Debug */ = {
			isa = XCBuildConfiguration;
			buildSettings = {
				DSTROOT = /tmp/JsonParser.dst;
				GCC_PRECOMPILE_PREFIX_HEADER = YES;
				GCC_PREFIX_HEADER = "JsonParser/JsonParser-Prefix.pch";
				OTHER_LDFLAGS = "-ObjC";
				PRODUCT_NAME = "$(TARGET_NAME)";
				SKIP_INSTALL = YES;
			};
			name = Debug;
		};
		ECF3F12519A5050F00D05D8B /* Release */ = {
			isa = XCBuildConfiguration;
			buildSettings = {
				DSTROOT = /tmp/JsonParser.dst;
				GCC_PRECOMPILE_PREFIX_HEADER = YES;
				GCC_PREFIX_HEADER = "JsonParser/JsonParser-Prefix.pch";
				OTHER_LDFLAGS = "-ObjC";
				PRODUCT_NAME = "$(TARGET_NAME)";
				SKIP_INSTALL = YES;
			};
			name = Release;
		};
		ECF3F12719A5050F00D05D8B /* Debug */ = {
			isa = XCBuildConfiguration;
			buildSettings = {
				FRAMEWORK_SEARCH_PATHS = (
					"$(SDKROOT)/Developer/Library/Frameworks",
					"$(inherited)",
					"$(DEVELOPER_FRAMEWORKS_DIR)",
				);
				GCC_PRECOMPILE_PREFIX_HEADER = YES;
				GCC_PREFIX_HEADER = "JsonParser/JsonParser-Prefix.pch";
				GCC_PREPROCESSOR_DEFINITIONS = (
					"DEBUG=1",
					"$(inherited)",
				);
				INFOPLIST_FILE = "JsonParserTests/JsonParserTests-Info.plist";
				PRODUCT_NAME = "$(TARGET_NAME)";
				WRAPPER_EXTENSION = xctest;
			};
			name = Debug;
		};
		ECF3F12819A5050F00D05D8B /* Release */ = {
			isa = XCBuildConfiguration;
			buildSettings = {
				FRAMEWORK_SEARCH_PATHS = (
					"$(SDKROOT)/Developer/Library/Frameworks",
					"$(inherited)",
					"$(DEVELOPER_FRAMEWORKS_DIR)",
				);
				GCC_PRECOMPILE_PREFIX_HEADER = YES;
				GCC_PREFIX_HEADER = "JsonParser/JsonParser-Prefix.pch";
				INFOPLIST_FILE = "JsonParserTests/JsonParserTests-Info.plist";
				PRODUCT_NAME = "$(TARGET_NAME)";
				WRAPPER_EXTENSION = xctest;
			};
			name = Release;
		};
/* End XCBuildConfiguration section */

/* Begin XCConfigurationList section */
		ECF3F0FB19A5050F00D05D8B /* Build configuration list for PBXProject "JsonParser" */ = {
			isa = XCConfigurationList;
			buildConfigurations = (
				ECF3F12119A5050F00D05D8B /* Debug */,
				ECF3F12219A5050F00D05D8B /* Release */,
			);
			defaultConfigurationIsVisible = 0;
			defaultConfigurationName = Release;
		};
		ECF3F12319A5050F00D05D8B /* Build configuration list for PBXNativeTarget "JsonParser" */ = {
			isa = XCConfigurationList;
			buildConfigurations = (
				ECF3F12419A5050F00D05D8B /* Debug */,
				ECF3F12519A5050F00D05D8B /* Release */,
			);
			defaultConfigurationIsVisible = 0;
			defaultConfigurationName = Release;
		};
		ECF3F12619A5050F00D05D8B /* Build configuration list for PBXNativeTarget "JsonParserTests" */ = {
			isa = XCConfigurationList;
			buildConfigurations = (
				ECF3F12719A5050F00D05D8B /* Debug */,
				ECF3F12819A5050F00D05D8B /* Release */,
			);
			defaultConfigurationIsVisible = 0;
			defaultConfigurationName = Release;
		};
/* End XCConfigurationList section */
	};
	rootObject = ECF3F0F819A5050F00D05D8B /* Project object */;
}
